
Microsoft Visual Studio Solution File, Format Version 12.00
# Visual Studio Version 16
VisualStudioVersion = 16.0.29123.88
MinimumVisualStudioVersion = 10.0.40219.1
Project("{FAE04EC0-301F-11D3-BF4B-00C04F79EFBC}") = "CosmosdbLite", "CosmosdbLite\CosmosdbLite.csproj", "{2B97DC0B-EFC1-46B5-A6C5-6E95BC50CFCC}"
EndProject
Project("{FAE04EC0-301F-11D3-BF4B-00C04F79EFBC}") = "MyAzureSQLDatabase", "MyAzureSQLDatabase\MyAzureSQLDatabase.csproj", "{90CF3274-6B99-4F30-96C6-C16E38EC7043}"
EndProject
Project("{9A19103F-16F7-4668-BE54-9A1E7A4F7556}") = "ABlobStorage", "ABlobStorage\ABlobStorage.csproj", "{F72BA179-9ED8-4556-863A-8045A3815D64}"
EndProject
Global
	GlobalSection(SolutionConfigurationPlatforms) = preSolution
		Debug|Any CPU = Debug|Any CPU
		Release|Any CPU = Release|Any CPU
	EndGlobalSection
	GlobalSection(ProjectConfigurationPlatforms) = postSolution
		{2B97DC0B-EFC1-46B5-A6C5-6E95BC50CFCC}.Debug|Any CPU.ActiveCfg = Debug|Any CPU
		{2B97DC0B-EFC1-46B5-A6C5-6E95BC50CFCC}.Debug|Any CPU.Build.0 = Debug|Any CPU
		{2B97DC0B-EFC1-46B5-A6C5-6E95BC50CFCC}.Release|Any CPU.ActiveCfg = Release|Any CPU
		{2B97DC0B-EFC1-46B5-A6C5-6E95BC50CFCC}.Release|Any CPU.Build.0 = Release|Any CPU
		{90CF3274-6B99-4F30-96C6-C16E38EC7043}.Debug|Any CPU.ActiveCfg = Debug|Any CPU
		{90CF3274-6B99-4F30-96C6-C16E38EC7043}.Debug|Any CPU.Build.0 = Debug|Any CPU
		{90CF3274-6B99-4F30-96C6-C16E38EC7043}.Release|Any CPU.ActiveCfg = Release|Any CPU
		{90CF3274-6B99-4F30-96C6-C16E38EC7043}.Release|Any CPU.Build.0 = Release|Any CPU
		{F72BA179-9ED8-4556-863A-8045A3815D64}.Debug|Any CPU.ActiveCfg = Debug|Any CPU
		{F72BA179-9ED8-4556-863A-8045A3815D64}.Debug|Any CPU.Build.0 = Debug|Any CPU
		{F72BA179-9ED8-4556-863A-8045A3815D64}.Release|Any CPU.ActiveCfg = Release|Any CPU
		{F72BA179-9ED8-4556-863A-8045A3815D64}.Release|Any CPU.Build.0 = Release|Any CPU
	EndGlobalSection
	GlobalSection(SolutionProperties) = preSolution
		HideSolutionNode = FALSE
	EndGlobalSection
	GlobalSection(ExtensibilityGlobals) = postSolution
		SolutionGuid = {0C54D5E6-1FFF-48F0-9874-A543DE843B91}
	EndGlobalSection
EndGlobal
